// !$*UTF8*$!
{
	archiveVersion = 1;
	classes = {
	};
	objectVersion = 52;
	objects = {

/* Begin PBXBuildFile section */
		2E37154725C0FB980037351E /* AppDelegate.swift in Sources */ = {isa = PBXBuildFile; fileRef = 2E37154625C0FB980037351E /* AppDelegate.swift */; };
		2E37154925C0FB980037351E /* SceneDelegate.swift in Sources */ = {isa = PBXBuildFile; fileRef = 2E37154825C0FB980037351E /* SceneDelegate.swift */; };
		2E37154B25C0FB980037351E /* NoteDetailVC.swift in Sources */ = {isa = PBXBuildFile; fileRef = 2E37154A25C0FB980037351E /* NoteDetailVC.swift */; };
		2E37154E25C0FB980037351E /* Main.storyboard in Resources */ = {isa = PBXBuildFile; fileRef = 2E37154C25C0FB980037351E /* Main.storyboard */; };
		2E37155125C0FB980037351E /* NoteAppCoreData.xcdatamodeld in Sources */ = {isa = PBXBuildFile; fileRef = 2E37154F25C0FB980037351E /* NoteAppCoreData.xcdatamodeld */; };
		2E37155325C0FB9B0037351E /* Assets.xcassets in Resources */ = {isa = PBXBuildFile; fileRef = 2E37155225C0FB9B0037351E /* Assets.xcassets */; };
		2E37155625C0FB9B0037351E /* LaunchScreen.storyboard in Resources */ = {isa = PBXBuildFile; fileRef = 2E37155425C0FB9B0037351E /* LaunchScreen.storyboard */; };
		2E37155F25C101E20037351E /* NoteCell.swift in Sources */ = {isa = PBXBuildFile; fileRef = 2E37155E25C101E20037351E /* NoteCell.swift */; };
		2E37156225C102060037351E /* NoteTableView.swift in Sources */ = {isa = PBXBuildFile; fileRef = 2E37156125C102060037351E /* NoteTableView.swift */; };
		2E91899925C2BCDC00A3C567 /* Note.swift in Sources */ = {isa = PBXBuildFile; fileRef = 2E91899825C2BCDC00A3C567 /* Note.swift */; };
		3EF77F8426C35094008884B9 /* SingleViewVC.swift in Sources */ = {isa = PBXBuildFile; fileRef = 3EF77F8326C35094008884B9 /* SingleViewVC.swift */; };
		4B23E35F519145D051F5C22C /* Pods_NoteAppCoreData.framework in Frameworks */ = {isa = PBXBuildFile; fileRef = 22F6A6FE398A3832A37C0353 /* Pods_NoteAppCoreData.framework */; };
		607369BE26C1754100E14ADF /* Lottie in Frameworks */ = {isa = PBXBuildFile; productRef = 607369BD26C1754100E14ADF /* Lottie */; };
		607369C226C178BC00E14ADF /* wave-loader.json in Resources */ = {isa = PBXBuildFile; fileRef = 607369C126C178BC00E14ADF /* wave-loader.json */; };
		607F9F3826BF288400EFB172 /* NotificationsViewController.swift in Sources */ = {isa = PBXBuildFile; fileRef = 607F9F3726BF288400EFB172 /* NotificationsViewController.swift */; };
		607F9F3A26BF31CD00EFB172 /* WaveExplanationViewController.swift in Sources */ = {isa = PBXBuildFile; fileRef = 607F9F3926BF31CD00EFB172 /* WaveExplanationViewController.swift */; };
		607F9F3C26BF328B00EFB172 /* ReturningMainViewController.swift in Sources */ = {isa = PBXBuildFile; fileRef = 607F9F3B26BF328B00EFB172 /* ReturningMainViewController.swift */; };
		607F9F3E26BF36D600EFB172 /* WaveOptionsViewController.swift in Sources */ = {isa = PBXBuildFile; fileRef = 607F9F3D26BF36D600EFB172 /* WaveOptionsViewController.swift */; };
		607F9F4026BF491900EFB172 /* WaveOneViewController.swift in Sources */ = {isa = PBXBuildFile; fileRef = 607F9F3F26BF491900EFB172 /* WaveOneViewController.swift */; };
		607F9F4326BF49F900EFB172 /* Wave1UIView.swift in Sources */ = {isa = PBXBuildFile; fileRef = 607F9F4226BF49F900EFB172 /* Wave1UIView.swift */; };
		607F9F6126BF57CE00EFB172 /* WaveTwoViewController.swift in Sources */ = {isa = PBXBuildFile; fileRef = 607F9F6026BF57CE00EFB172 /* WaveTwoViewController.swift */; };
		607F9F6426BF57FF00EFB172 /* Wave2SwiftUIView.swift in Sources */ = {isa = PBXBuildFile; fileRef = 607F9F6326BF57FF00EFB172 /* Wave2SwiftUIView.swift */; };
		607F9F6626BF5CEF00EFB172 /* WaveThreeViewController.swift in Sources */ = {isa = PBXBuildFile; fileRef = 607F9F6526BF5CEF00EFB172 /* WaveThreeViewController.swift */; };
		607F9F6926BF5D1900EFB172 /* Wave3SwiftUIView.swift in Sources */ = {isa = PBXBuildFile; fileRef = 607F9F6826BF5D1900EFB172 /* Wave3SwiftUIView.swift */; };
		8846F2ED26C556CE00473DDC /* ZeroFTVC.swift in Sources */ = {isa = PBXBuildFile; fileRef = 8846F2EC26C556CE00473DDC /* ZeroFTVC.swift */; };
		8846F2F226C5583900473DDC /* TwoFTVC.swift in Sources */ = {isa = PBXBuildFile; fileRef = 8846F2EF26C5583800473DDC /* TwoFTVC.swift */; };
		8846F2F326C5583900473DDC /* ThreeFTVC.swift in Sources */ = {isa = PBXBuildFile; fileRef = 8846F2F026C5583900473DDC /* ThreeFTVC.swift */; };
		8846F2F426C5583900473DDC /* OneFTVC.swift in Sources */ = {isa = PBXBuildFile; fileRef = 8846F2F126C5583900473DDC /* OneFTVC.swift */; };
/* End PBXBuildFile section */

/* Begin PBXFileReference section */
		22F6A6FE398A3832A37C0353 /* Pods_NoteAppCoreData.framework */ = {isa = PBXFileReference; explicitFileType = wrapper.framework; includeInIndex = 0; path = Pods_NoteAppCoreData.framework; sourceTree = BUILT_PRODUCTS_DIR; };
		2E37154325C0FB980037351E /* NoteAppCoreData.app */ = {isa = PBXFileReference; explicitFileType = wrapper.application; includeInIndex = 0; path = NoteAppCoreData.app; sourceTree = BUILT_PRODUCTS_DIR; };
		2E37154625C0FB980037351E /* AppDelegate.swift */ = {isa = PBXFileReference; lastKnownFileType = sourcecode.swift; path = AppDelegate.swift; sourceTree = "<group>"; };
		2E37154825C0FB980037351E /* SceneDelegate.swift */ = {isa = PBXFileReference; lastKnownFileType = sourcecode.swift; path = SceneDelegate.swift; sourceTree = "<group>"; };
		2E37154A25C0FB980037351E /* NoteDetailVC.swift */ = {isa = PBXFileReference; lastKnownFileType = sourcecode.swift; path = NoteDetailVC.swift; sourceTree = "<group>"; };
		2E37154D25C0FB980037351E /* Base */ = {isa = PBXFileReference; lastKnownFileType = file.storyboard; name = Base; path = Base.lproj/Main.storyboard; sourceTree = "<group>"; };
		2E37155025C0FB980037351E /* NoteAppCoreData.xcdatamodel */ = {isa = PBXFileReference; lastKnownFileType = wrapper.xcdatamodel; path = NoteAppCoreData.xcdatamodel; sourceTree = "<group>"; };
		2E37155225C0FB9B0037351E /* Assets.xcassets */ = {isa = PBXFileReference; lastKnownFileType = folder.assetcatalog; path = Assets.xcassets; sourceTree = "<group>"; };
		2E37155525C0FB9B0037351E /* Base */ = {isa = PBXFileReference; lastKnownFileType = file.storyboard; name = Base; path = Base.lproj/LaunchScreen.storyboard; sourceTree = "<group>"; };
		2E37155725C0FB9B0037351E /* Info.plist */ = {isa = PBXFileReference; lastKnownFileType = text.plist.xml; path = Info.plist; sourceTree = "<group>"; };
		2E37155E25C101E20037351E /* NoteCell.swift */ = {isa = PBXFileReference; lastKnownFileType = sourcecode.swift; path = NoteCell.swift; sourceTree = "<group>"; };
		2E37156125C102060037351E /* NoteTableView.swift */ = {isa = PBXFileReference; lastKnownFileType = sourcecode.swift; path = NoteTableView.swift; sourceTree = "<group>"; };
		2E91899825C2BCDC00A3C567 /* Note.swift */ = {isa = PBXFileReference; lastKnownFileType = sourcecode.swift; path = Note.swift; sourceTree = "<group>"; };
		3EF77F8326C35094008884B9 /* SingleViewVC.swift */ = {isa = PBXFileReference; lastKnownFileType = sourcecode.swift; path = SingleViewVC.swift; sourceTree = "<group>"; };
		607369C126C178BC00E14ADF /* wave-loader.json */ = {isa = PBXFileReference; fileEncoding = 4; lastKnownFileType = text.json; path = "wave-loader.json"; sourceTree = "<group>"; };
		607F9F3726BF288400EFB172 /* NotificationsViewController.swift */ = {isa = PBXFileReference; lastKnownFileType = sourcecode.swift; name = NotificationsViewController.swift; path = NoteAppCoreData/NotificationsViewController.swift; sourceTree = SOURCE_ROOT; };
		607F9F3926BF31CD00EFB172 /* WaveExplanationViewController.swift */ = {isa = PBXFileReference; lastKnownFileType = sourcecode.swift; path = WaveExplanationViewController.swift; sourceTree = "<group>"; };
		607F9F3B26BF328B00EFB172 /* ReturningMainViewController.swift */ = {isa = PBXFileReference; lastKnownFileType = sourcecode.swift; path = ReturningMainViewController.swift; sourceTree = "<group>"; };
		607F9F3D26BF36D600EFB172 /* WaveOptionsViewController.swift */ = {isa = PBXFileReference; lastKnownFileType = sourcecode.swift; path = WaveOptionsViewController.swift; sourceTree = "<group>"; };
		607F9F3F26BF491900EFB172 /* WaveOneViewController.swift */ = {isa = PBXFileReference; lastKnownFileType = sourcecode.swift; path = WaveOneViewController.swift; sourceTree = "<group>"; };
		607F9F4226BF49F900EFB172 /* Wave1UIView.swift */ = {isa = PBXFileReference; lastKnownFileType = sourcecode.swift; path = Wave1UIView.swift; sourceTree = "<group>"; };
		607F9F6026BF57CE00EFB172 /* WaveTwoViewController.swift */ = {isa = PBXFileReference; lastKnownFileType = sourcecode.swift; path = WaveTwoViewController.swift; sourceTree = "<group>"; };
		607F9F6326BF57FF00EFB172 /* Wave2SwiftUIView.swift */ = {isa = PBXFileReference; lastKnownFileType = sourcecode.swift; path = Wave2SwiftUIView.swift; sourceTree = "<group>"; };
		607F9F6526BF5CEF00EFB172 /* WaveThreeViewController.swift */ = {isa = PBXFileReference; lastKnownFileType = sourcecode.swift; path = WaveThreeViewController.swift; sourceTree = "<group>"; };
		607F9F6826BF5D1900EFB172 /* Wave3SwiftUIView.swift */ = {isa = PBXFileReference; lastKnownFileType = sourcecode.swift; path = Wave3SwiftUIView.swift; sourceTree = "<group>"; };
		7F66A98DE5B405E9C8FB5BCF /* Pods-NoteAppCoreData.debug.xcconfig */ = {isa = PBXFileReference; includeInIndex = 1; lastKnownFileType = text.xcconfig; name = "Pods-NoteAppCoreData.debug.xcconfig"; path = "Target Support Files/Pods-NoteAppCoreData/Pods-NoteAppCoreData.debug.xcconfig"; sourceTree = "<group>"; };
		8846F2EC26C556CE00473DDC /* ZeroFTVC.swift */ = {isa = PBXFileReference; fileEncoding = 4; lastKnownFileType = sourcecode.swift; path = ZeroFTVC.swift; sourceTree = "<group>"; };
		8846F2EF26C5583800473DDC /* TwoFTVC.swift */ = {isa = PBXFileReference; fileEncoding = 4; lastKnownFileType = sourcecode.swift; path = TwoFTVC.swift; sourceTree = "<group>"; };
		8846F2F026C5583900473DDC /* ThreeFTVC.swift */ = {isa = PBXFileReference; fileEncoding = 4; lastKnownFileType = sourcecode.swift; path = ThreeFTVC.swift; sourceTree = "<group>"; };
		8846F2F126C5583900473DDC /* OneFTVC.swift */ = {isa = PBXFileReference; fileEncoding = 4; lastKnownFileType = sourcecode.swift; path = OneFTVC.swift; sourceTree = "<group>"; };
		C4F853FCD3C32199AEEB0548 /* Pods-NoteAppCoreData.release.xcconfig */ = {isa = PBXFileReference; includeInIndex = 1; lastKnownFileType = text.xcconfig; name = "Pods-NoteAppCoreData.release.xcconfig"; path = "Target Support Files/Pods-NoteAppCoreData/Pods-NoteAppCoreData.release.xcconfig"; sourceTree = "<group>"; };
/* End PBXFileReference section */

/* Begin PBXFrameworksBuildPhase section */
		2E37154025C0FB980037351E /* Frameworks */ = {
			isa = PBXFrameworksBuildPhase;
			buildActionMask = 2147483647;
			files = (
				607369BE26C1754100E14ADF /* Lottie in Frameworks */,
				4B23E35F519145D051F5C22C /* Pods_NoteAppCoreData.framework in Frameworks */,
			);
			runOnlyForDeploymentPostprocessing = 0;
		};
/* End PBXFrameworksBuildPhase section */

/* Begin PBXGroup section */
		2E37153A25C0FB980037351E = {
			isa = PBXGroup;
			children = (
				2E37154525C0FB980037351E /* NoteAppCoreData */,
				2E37154425C0FB980037351E /* Products */,
				6AF259FB9629211CACAADDCD /* Pods */,
				7D9B3673641228F28485C40C /* Frameworks */,
			);
			sourceTree = "<group>";
		};
		2E37154425C0FB980037351E /* Products */ = {
			isa = PBXGroup;
			children = (
				2E37154325C0FB980037351E /* NoteAppCoreData.app */,
			);
			name = Products;
			sourceTree = "<group>";
		};
		2E37154525C0FB980037351E /* NoteAppCoreData */ = {
			isa = PBXGroup;
			children = (
				607369C126C178BC00E14ADF /* wave-loader.json */,
				2E37154625C0FB980037351E /* AppDelegate.swift */,
				2E37154825C0FB980037351E /* SceneDelegate.swift */,
				607F9F3526BF091900EFB172 /* Data Model */,
				607F9F3326BF07C300EFB172 /* Controllers */,
				607F9F3626BF092D00EFB172 /* Views */,
				2E37155725C0FB9B0037351E /* Info.plist */,
			);
			path = NoteAppCoreData;
			sourceTree = "<group>";
		};
		607F9F3326BF07C300EFB172 /* Controllers */ = {
			isa = PBXGroup;
			children = (
				607F9F3926BF31CD00EFB172 /* WaveExplanationViewController.swift */,
				607F9F3B26BF328B00EFB172 /* ReturningMainViewController.swift */,
				607F9F3726BF288400EFB172 /* NotificationsViewController.swift */,
				2E37154A25C0FB980037351E /* NoteDetailVC.swift */,
				3EF77F8326C35094008884B9 /* SingleViewVC.swift */,
				607F9F3426BF086B00EFB172 /* TableView */,
				607F9F4126BF49B000EFB172 /* Wave Animation */,
			);
			path = Controllers;
			sourceTree = "<group>";
		};
		607F9F3426BF086B00EFB172 /* TableView */ = {
			isa = PBXGroup;
			children = (
				2E37156125C102060037351E /* NoteTableView.swift */,
			);
			path = TableView;
			sourceTree = "<group>";
		};
		607F9F3526BF091900EFB172 /* Data Model */ = {
			isa = PBXGroup;
			children = (
				2E91899825C2BCDC00A3C567 /* Note.swift */,
				2E37155E25C101E20037351E /* NoteCell.swift */,
				2E37154F25C0FB980037351E /* NoteAppCoreData.xcdatamodeld */,
			);
			path = "Data Model";
			sourceTree = "<group>";
		};
		607F9F3626BF092D00EFB172 /* Views */ = {
			isa = PBXGroup;
			children = (
				2E37155225C0FB9B0037351E /* Assets.xcassets */,
				2E37154C25C0FB980037351E /* Main.storyboard */,
				2E37155425C0FB9B0037351E /* LaunchScreen.storyboard */,
			);
			path = Views;
			sourceTree = "<group>";
		};
		607F9F4126BF49B000EFB172 /* Wave Animation */ = {
			isa = PBXGroup;
			children = (
				8846F2EB26C556CE00473DDC /* FT */,
				607F9F3D26BF36D600EFB172 /* WaveOptionsViewController.swift */,
				607F9F6726BF5CFC00EFB172 /* WaveThree */,
				607F9F6226BF57D600EFB172 /* WaveTwo */,
				607F9F5F26BF579C00EFB172 /* WaveOne */,
			);
			path = "Wave Animation";
			sourceTree = "<group>";
		};
		607F9F5F26BF579C00EFB172 /* WaveOne */ = {
			isa = PBXGroup;
			children = (
				607F9F3F26BF491900EFB172 /* WaveOneViewController.swift */,
				607F9F4226BF49F900EFB172 /* Wave1UIView.swift */,
			);
			path = WaveOne;
			sourceTree = "<group>";
		};
		607F9F6226BF57D600EFB172 /* WaveTwo */ = {
			isa = PBXGroup;
			children = (
				607F9F6026BF57CE00EFB172 /* WaveTwoViewController.swift */,
				607F9F6326BF57FF00EFB172 /* Wave2SwiftUIView.swift */,
			);
			path = WaveTwo;
			sourceTree = "<group>";
		};
		607F9F6726BF5CFC00EFB172 /* WaveThree */ = {
			isa = PBXGroup;
			children = (
				607F9F6526BF5CEF00EFB172 /* WaveThreeViewController.swift */,
				607F9F6826BF5D1900EFB172 /* Wave3SwiftUIView.swift */,
			);
			path = WaveThree;
			sourceTree = "<group>";
		};
		6AF259FB9629211CACAADDCD /* Pods */ = {
			isa = PBXGroup;
			children = (
				7F66A98DE5B405E9C8FB5BCF /* Pods-NoteAppCoreData.debug.xcconfig */,
				C4F853FCD3C32199AEEB0548 /* Pods-NoteAppCoreData.release.xcconfig */,
			);
			path = Pods;
			sourceTree = "<group>";
		};
		7D9B3673641228F28485C40C /* Frameworks */ = {
			isa = PBXGroup;
			children = (
				22F6A6FE398A3832A37C0353 /* Pods_NoteAppCoreData.framework */,
			);
			name = Frameworks;
			sourceTree = "<group>";
		};
		8846F2EB26C556CE00473DDC /* FT */ = {
			isa = PBXGroup;
			children = (
				8846F2EC26C556CE00473DDC /* ZeroFTVC.swift */,
				8846F2F126C5583900473DDC /* OneFTVC.swift */,
				8846F2F026C5583900473DDC /* ThreeFTVC.swift */,
				8846F2EF26C5583800473DDC /* TwoFTVC.swift */,
			);
			path = FT;
			sourceTree = "<group>";
		};
/* End PBXGroup section */

/* Begin PBXNativeTarget section */
		2E37154225C0FB980037351E /* NoteAppCoreData */ = {
			isa = PBXNativeTarget;
			buildConfigurationList = 2E37155A25C0FB9B0037351E /* Build configuration list for PBXNativeTarget "NoteAppCoreData" */;
			buildPhases = (
				B70255926BD643CB7F7B832D /* [CP] Check Pods Manifest.lock */,
				2E37153F25C0FB980037351E /* Sources */,
				2E37154025C0FB980037351E /* Frameworks */,
				2E37154125C0FB980037351E /* Resources */,
				CFA8F04D4152BAE24CF2879A /* [CP] Embed Pods Frameworks */,
			);
			buildRules = (
			);
			dependencies = (
			);
			name = NoteAppCoreData;
			packageProductDependencies = (
				607369BD26C1754100E14ADF /* Lottie */,
			);
			productName = NoteAppCoreData;
			productReference = 2E37154325C0FB980037351E /* NoteAppCoreData.app */;
			productType = "com.apple.product-type.application";
		};
/* End PBXNativeTarget section */

/* Begin PBXProject section */
		2E37153B25C0FB980037351E /* Project object */ = {
			isa = PBXProject;
			attributes = {
				LastSwiftUpdateCheck = 1210;
				LastUpgradeCheck = 1210;
				TargetAttributes = {
					2E37154225C0FB980037351E = {
						CreatedOnToolsVersion = 12.1;
					};
				};
			};
			buildConfigurationList = 2E37153E25C0FB980037351E /* Build configuration list for PBXProject "NoteAppCoreData" */;
			compatibilityVersion = "Xcode 9.3";
			developmentRegion = en;
			hasScannedForEncodings = 0;
			knownRegions = (
				en,
				Base,
			);
			mainGroup = 2E37153A25C0FB980037351E;
			packageReferences = (
				607369BC26C1754100E14ADF /* XCRemoteSwiftPackageReference "lottie-ios" */,
			);
			productRefGroup = 2E37154425C0FB980037351E /* Products */;
			projectDirPath = "";
			projectRoot = "";
			targets = (
				2E37154225C0FB980037351E /* NoteAppCoreData */,
			);
		};
/* End PBXProject section */

/* Begin PBXResourcesBuildPhase section */
		2E37154125C0FB980037351E /* Resources */ = {
			isa = PBXResourcesBuildPhase;
			buildActionMask = 2147483647;
			files = (
				2E37155625C0FB9B0037351E /* LaunchScreen.storyboard in Resources */,
				2E37155325C0FB9B0037351E /* Assets.xcassets in Resources */,
				607369C226C178BC00E14ADF /* wave-loader.json in Resources */,
				2E37154E25C0FB980037351E /* Main.storyboard in Resources */,
			);
			runOnlyForDeploymentPostprocessing = 0;
		};
/* End PBXResourcesBuildPhase section */

/* Begin PBXShellScriptBuildPhase section */
		B70255926BD643CB7F7B832D /* [CP] Check Pods Manifest.lock */ = {
			isa = PBXShellScriptBuildPhase;
			buildActionMask = 2147483647;
			files = (
			);
			inputFileListPaths = (
			);
			inputPaths = (
				"${PODS_PODFILE_DIR_PATH}/Podfile.lock",
				"${PODS_ROOT}/Manifest.lock",
			);
			name = "[CP] Check Pods Manifest.lock";
			outputFileListPaths = (
			);
			outputPaths = (
				"$(DERIVED_FILE_DIR)/Pods-NoteAppCoreData-checkManifestLockResult.txt",
			);
			runOnlyForDeploymentPostprocessing = 0;
			shellPath = /bin/sh;
			shellScript = "diff \"${PODS_PODFILE_DIR_PATH}/Podfile.lock\" \"${PODS_ROOT}/Manifest.lock\" > /dev/null\nif [ $? != 0 ] ; then\n    # print error to STDERR\n    echo \"error: The sandbox is not in sync with the Podfile.lock. Run 'pod install' or update your CocoaPods installation.\" >&2\n    exit 1\nfi\n# This output is used by Xcode 'outputs' to avoid re-running this script phase.\necho \"SUCCESS\" > \"${SCRIPT_OUTPUT_FILE_0}\"\n";
			showEnvVarsInLog = 0;
		};
		CFA8F04D4152BAE24CF2879A /* [CP] Embed Pods Frameworks */ = {
			isa = PBXShellScriptBuildPhase;
			buildActionMask = 2147483647;
			files = (
			);
			inputFileListPaths = (
				"${PODS_ROOT}/Target Support Files/Pods-NoteAppCoreData/Pods-NoteAppCoreData-frameworks-${CONFIGURATION}-input-files.xcfilelist",
			);
			name = "[CP] Embed Pods Frameworks";
			outputFileListPaths = (
				"${PODS_ROOT}/Target Support Files/Pods-NoteAppCoreData/Pods-NoteAppCoreData-frameworks-${CONFIGURATION}-output-files.xcfilelist",
			);
			runOnlyForDeploymentPostprocessing = 0;
			shellPath = /bin/sh;
			shellScript = "\"${PODS_ROOT}/Target Support Files/Pods-NoteAppCoreData/Pods-NoteAppCoreData-frameworks.sh\"\n";
			showEnvVarsInLog = 0;
		};
/* End PBXShellScriptBuildPhase section */

/* Begin PBXSourcesBuildPhase section */
		2E37153F25C0FB980037351E /* Sources */ = {
			isa = PBXSourcesBuildPhase;
			buildActionMask = 2147483647;
			files = (
				607F9F3E26BF36D600EFB172 /* WaveOptionsViewController.swift in Sources */,
				8846F2F426C5583900473DDC /* OneFTVC.swift in Sources */,
				8846F2F326C5583900473DDC /* ThreeFTVC.swift in Sources */,
				2E37154B25C0FB980037351E /* NoteDetailVC.swift in Sources */,
				607F9F6626BF5CEF00EFB172 /* WaveThreeViewController.swift in Sources */,
				3EF77F8426C35094008884B9 /* SingleViewVC.swift in Sources */,
				607F9F4026BF491900EFB172 /* WaveOneViewController.swift in Sources */,
				8846F2F226C5583900473DDC /* TwoFTVC.swift in Sources */,
				607F9F3A26BF31CD00EFB172 /* WaveExplanationViewController.swift in Sources */,
				607F9F3C26BF328B00EFB172 /* ReturningMainViewController.swift in Sources */,
				607F9F6926BF5D1900EFB172 /* Wave3SwiftUIView.swift in Sources */,
				2E37156225C102060037351E /* NoteTableView.swift in Sources */,
				2E91899925C2BCDC00A3C567 /* Note.swift in Sources */,
				607F9F4326BF49F900EFB172 /* Wave1UIView.swift in Sources */,
				2E37154725C0FB980037351E /* AppDelegate.swift in Sources */,
				2E37155F25C101E20037351E /* NoteCell.swift in Sources */,
				8846F2ED26C556CE00473DDC /* ZeroFTVC.swift in Sources */,
				607F9F6126BF57CE00EFB172 /* WaveTwoViewController.swift in Sources */,
				2E37155125C0FB980037351E /* NoteAppCoreData.xcdatamodeld in Sources */,
				2E37154925C0FB980037351E /* SceneDelegate.swift in Sources */,
				607F9F6426BF57FF00EFB172 /* Wave2SwiftUIView.swift in Sources */,
				607F9F3826BF288400EFB172 /* NotificationsViewController.swift in Sources */,
			);
			runOnlyForDeploymentPostprocessing = 0;
		};
/* End PBXSourcesBuildPhase section */

/* Begin PBXVariantGroup section */
		2E37154C25C0FB980037351E /* Main.storyboard */ = {
			isa = PBXVariantGroup;
			children = (
				2E37154D25C0FB980037351E /* Base */,
			);
			name = Main.storyboard;
			sourceTree = "<group>";
		};
		2E37155425C0FB9B0037351E /* LaunchScreen.storyboard */ = {
			isa = PBXVariantGroup;
			children = (
				2E37155525C0FB9B0037351E /* Base */,
			);
			name = LaunchScreen.storyboard;
			sourceTree = "<group>";
		};
/* End PBXVariantGroup section */

/* Begin XCBuildConfiguration section */
		2E37155825C0FB9B0037351E /* Debug */ = {
			isa = XCBuildConfiguration;
			buildSettings = {
				ALWAYS_SEARCH_USER_PATHS = NO;
				CLANG_ANALYZER_NONNULL = YES;
				CLANG_ANALYZER_NUMBER_OBJECT_CONVERSION = YES_AGGRESSIVE;
				CLANG_CXX_LANGUAGE_STANDARD = "gnu++14";
				CLANG_CXX_LIBRARY = "libc++";
				CLANG_ENABLE_MODULES = YES;
				CLANG_ENABLE_OBJC_ARC = YES;
				CLANG_ENABLE_OBJC_WEAK = YES;
				CLANG_WARN_BLOCK_CAPTURE_AUTORELEASING = YES;
				CLANG_WARN_BOOL_CONVERSION = YES;
				CLANG_WARN_COMMA = YES;
				CLANG_WARN_CONSTANT_CONVERSION = YES;
				CLANG_WARN_DEPRECATED_OBJC_IMPLEMENTATIONS = YES;
				CLANG_WARN_DIRECT_OBJC_ISA_USAGE = YES_ERROR;
				CLANG_WARN_DOCUMENTATION_COMMENTS = YES;
				CLANG_WARN_EMPTY_BODY = YES;
				CLANG_WARN_ENUM_CONVERSION = YES;
				CLANG_WARN_INFINITE_RECURSION = YES;
				CLANG_WARN_INT_CONVERSION = YES;
				CLANG_WARN_NON_LITERAL_NULL_CONVERSION = YES;
				CLANG_WARN_OBJC_IMPLICIT_RETAIN_SELF = YES;
				CLANG_WARN_OBJC_LITERAL_CONVERSION = YES;
				CLANG_WARN_OBJC_ROOT_CLASS = YES_ERROR;
				CLANG_WARN_QUOTED_INCLUDE_IN_FRAMEWORK_HEADER = YES;
				CLANG_WARN_RANGE_LOOP_ANALYSIS = YES;
				CLANG_WARN_STRICT_PROTOTYPES = YES;
				CLANG_WARN_SUSPICIOUS_MOVE = YES;
				CLANG_WARN_UNGUARDED_AVAILABILITY = YES_AGGRESSIVE;
				CLANG_WARN_UNREACHABLE_CODE = YES;
				CLANG_WARN__DUPLICATE_METHOD_MATCH = YES;
				COPY_PHASE_STRIP = NO;
				DEBUG_INFORMATION_FORMAT = dwarf;
				ENABLE_STRICT_OBJC_MSGSEND = YES;
				ENABLE_TESTABILITY = YES;
				GCC_C_LANGUAGE_STANDARD = gnu11;
				GCC_DYNAMIC_NO_PIC = NO;
				GCC_NO_COMMON_BLOCKS = YES;
				GCC_OPTIMIZATION_LEVEL = 0;
				GCC_PREPROCESSOR_DEFINITIONS = (
					"DEBUG=1",
					"$(inherited)",
				);
				GCC_WARN_64_TO_32_BIT_CONVERSION = YES;
				GCC_WARN_ABOUT_RETURN_TYPE = YES_ERROR;
				GCC_WARN_UNDECLARED_SELECTOR = YES;
				GCC_WARN_UNINITIALIZED_AUTOS = YES_AGGRESSIVE;
				GCC_WARN_UNUSED_FUNCTION = YES;
				GCC_WARN_UNUSED_VARIABLE = YES;
				IPHONEOS_DEPLOYMENT_TARGET = 14.1;
				MTL_ENABLE_DEBUG_INFO = INCLUDE_SOURCE;
				MTL_FAST_MATH = YES;
				ONLY_ACTIVE_ARCH = YES;
				SDKROOT = iphoneos;
				SWIFT_ACTIVE_COMPILATION_CONDITIONS = DEBUG;
				SWIFT_OPTIMIZATION_LEVEL = "-Onone";
			};
			name = Debug;
		};
		2E37155925C0FB9B0037351E /* Release */ = {
			isa = XCBuildConfiguration;
			buildSettings = {
				ALWAYS_SEARCH_USER_PATHS = NO;
				CLANG_ANALYZER_NONNULL = YES;
				CLANG_ANALYZER_NUMBER_OBJECT_CONVERSION = YES_AGGRESSIVE;
				CLANG_CXX_LANGUAGE_STANDARD = "gnu++14";
				CLANG_CXX_LIBRARY = "libc++";
				CLANG_ENABLE_MODULES = YES;
				CLANG_ENABLE_OBJC_ARC = YES;
				CLANG_ENABLE_OBJC_WEAK = YES;
				CLANG_WARN_BLOCK_CAPTURE_AUTORELEASING = YES;
				CLANG_WARN_BOOL_CONVERSION = YES;
				CLANG_WARN_COMMA = YES;
				CLANG_WARN_CONSTANT_CONVERSION = YES;
				CLANG_WARN_DEPRECATED_OBJC_IMPLEMENTATIONS = YES;
				CLANG_WARN_DIRECT_OBJC_ISA_USAGE = YES_ERROR;
				CLANG_WARN_DOCUMENTATION_COMMENTS = YES;
				CLANG_WARN_EMPTY_BODY = YES;
				CLANG_WARN_ENUM_CONVERSION = YES;
				CLANG_WARN_INFINITE_RECURSION = YES;
				CLANG_WARN_INT_CONVERSION = YES;
				CLANG_WARN_NON_LITERAL_NULL_CONVERSION = YES;
				CLANG_WARN_OBJC_IMPLICIT_RETAIN_SELF = YES;
				CLANG_WARN_OBJC_LITERAL_CONVERSION = YES;
				CLANG_WARN_OBJC_ROOT_CLASS = YES_ERROR;
				CLANG_WARN_QUOTED_INCLUDE_IN_FRAMEWORK_HEADER = YES;
				CLANG_WARN_RANGE_LOOP_ANALYSIS = YES;
				CLANG_WARN_STRICT_PROTOTYPES = YES;
				CLANG_WARN_SUSPICIOUS_MOVE = YES;
				CLANG_WARN_UNGUARDED_AVAILABILITY = YES_AGGRESSIVE;
				CLANG_WARN_UNREACHABLE_CODE = YES;
				CLANG_WARN__DUPLICATE_METHOD_MATCH = YES;
				COPY_PHASE_STRIP = NO;
				DEBUG_INFORMATION_FORMAT = "dwarf-with-dsym";
				ENABLE_NS_ASSERTIONS = NO;
				ENABLE_STRICT_OBJC_MSGSEND = YES;
				GCC_C_LANGUAGE_STANDARD = gnu11;
				GCC_NO_COMMON_BLOCKS = YES;
				GCC_WARN_64_TO_32_BIT_CONVERSION = YES;
				GCC_WARN_ABOUT_RETURN_TYPE = YES_ERROR;
				GCC_WARN_UNDECLARED_SELECTOR = YES;
				GCC_WARN_UNINITIALIZED_AUTOS = YES_AGGRESSIVE;
				GCC_WARN_UNUSED_FUNCTION = YES;
				GCC_WARN_UNUSED_VARIABLE = YES;
				IPHONEOS_DEPLOYMENT_TARGET = 14.1;
				MTL_ENABLE_DEBUG_INFO = NO;
				MTL_FAST_MATH = YES;
				SDKROOT = iphoneos;
				SWIFT_COMPILATION_MODE = wholemodule;
				SWIFT_OPTIMIZATION_LEVEL = "-O";
				VALIDATE_PRODUCT = YES;
			};
			name = Release;
		};
		2E37155B25C0FB9B0037351E /* Debug */ = {
			isa = XCBuildConfiguration;
			baseConfigurationReference = 7F66A98DE5B405E9C8FB5BCF /* Pods-NoteAppCoreData.debug.xcconfig */;
			buildSettings = {
				ASSETCATALOG_COMPILER_APPICON_NAME = AppIcon;
				ASSETCATALOG_COMPILER_GLOBAL_ACCENT_COLOR_NAME = AccentColor;
				CODE_SIGN_STYLE = Automatic;
				DEVELOPMENT_TEAM = B3SEC78SH4;
				INFOPLIST_FILE = NoteAppCoreData/Info.plist;
				LD_RUNPATH_SEARCH_PATHS = (
					"$(inherited)",
					"@executable_path/Frameworks",
				);
				PRODUCT_BUNDLE_IDENTIFIER = code.with.cal.NoteAppCoreData;
				PRODUCT_NAME = "$(TARGET_NAME)";
				SWIFT_VERSION = 5.0;
				TARGETED_DEVICE_FAMILY = "1,2";
			};
			name = Debug;
		};
		2E37155C25C0FB9B0037351E /* Release */ = {
			isa = XCBuildConfiguration;
			baseConfigurationReference = C4F853FCD3C32199AEEB0548 /* Pods-NoteAppCoreData.release.xcconfig */;
			buildSettings = {
				ASSETCATALOG_COMPILER_APPICON_NAME = AppIcon;
				ASSETCATALOG_COMPILER_GLOBAL_ACCENT_COLOR_NAME = AccentColor;
				CODE_SIGN_STYLE = Automatic;
				DEVELOPMENT_TEAM = B3SEC78SH4;
				INFOPLIST_FILE = NoteAppCoreData/Info.plist;
				LD_RUNPATH_SEARCH_PATHS = (
					"$(inherited)",
					"@executable_path/Frameworks",
				);
				PRODUCT_BUNDLE_IDENTIFIER = code.with.cal.NoteAppCoreData;
				PRODUCT_NAME = "$(TARGET_NAME)";
				SWIFT_VERSION = 5.0;
				TARGETED_DEVICE_FAMILY = "1,2";
			};
			name = Release;
		};
/* End XCBuildConfiguration section */

/* Begin XCConfigurationList section */
		2E37153E25C0FB980037351E /* Build configuration list for PBXProject "NoteAppCoreData" */ = {
			isa = XCConfigurationList;
			buildConfigurations = (
				2E37155825C0FB9B0037351E /* Debug */,
				2E37155925C0FB9B0037351E /* Release */,
			);
			defaultConfigurationIsVisible = 0;
			defaultConfigurationName = Release;
		};
		2E37155A25C0FB9B0037351E /* Build configuration list for PBXNativeTarget "NoteAppCoreData" */ = {
			isa = XCConfigurationList;
			buildConfigurations = (
				2E37155B25C0FB9B0037351E /* Debug */,
				2E37155C25C0FB9B0037351E /* Release */,
			);
			defaultConfigurationIsVisible = 0;
			defaultConfigurationName = Release;
		};
/* End XCConfigurationList section */

/* Begin XCRemoteSwiftPackageReference section */
		607369BC26C1754100E14ADF /* XCRemoteSwiftPackageReference "lottie-ios" */ = {
			isa = XCRemoteSwiftPackageReference;
			repositoryURL = "https://github.com/airbnb/lottie-ios";
			requirement = {
				kind = upToNextMajorVersion;
				minimumVersion = 3.2.3;
			};
		};
/* End XCRemoteSwiftPackageReference section */

/* Begin XCSwiftPackageProductDependency section */
		607369BD26C1754100E14ADF /* Lottie */ = {
			isa = XCSwiftPackageProductDependency;
			package = 607369BC26C1754100E14ADF /* XCRemoteSwiftPackageReference "lottie-ios" */;
			productName = Lottie;
		};
/* End XCSwiftPackageProductDependency section */

/* Begin XCVersionGroup section */
		2E37154F25C0FB980037351E /* NoteAppCoreData.xcdatamodeld */ = {
			isa = XCVersionGroup;
			children = (
				2E37155025C0FB980037351E /* NoteAppCoreData.xcdatamodel */,
			);
			currentVersion = 2E37155025C0FB980037351E /* NoteAppCoreData.xcdatamodel */;
			path = NoteAppCoreData.xcdatamodeld;
			sourceTree = "<group>";
			versionGroupType = wrapper.xcdatamodel;
		};
/* End XCVersionGroup section */
	};
	rootObject = 2E37153B25C0FB980037351E /* Project object */;
}
